# THIS IS AN AUTOGENERATED FILE. DO NOT EDIT THIS FILE DIRECTLY.
# yarn lockfile v1


vuetify@^2.3.13:
  version "2.3.13"
  resolved "https://registry.yarnpkg.com/vuetify/-/vuetify-2.3.13.tgz#afd5e00a1fe6a5207d3ee7f06f0bf3741b4f5f68"
  integrity sha512-1908+xtI329/L1MNdZ7DQ16u/HDOq7gNxSYREdQhzCKNWUymdkaFYaBY9kKPQd1JTwT+xQL7GKCH/fr9xrS1AA==
